{
  "nodes": {
    "flake-parts": {
      "inputs": {
        "nixpkgs-lib": [
          "neovim-nightly-overlay",
          "nixpkgs"
        ]
      },
      "locked": {
        "lastModified": 1768135262,
        "narHash": "sha256-PVvu7OqHBGWN16zSi6tEmPwwHQ4rLPU9Plvs8/1TUBY=",
        "owner": "hercules-ci",
        "repo": "flake-parts",
        "rev": "80daad04eddbbf5a4d883996a73f3f542fa437ac",
        "type": "github"
      },
      "original": {
        "owner": "hercules-ci",
        "repo": "flake-parts",
        "type": "github"
      }
    },
    "neovim-nightly-overlay": {
      "inputs": {
        "flake-parts": "flake-parts",
        "neovim-src": "neovim-src",
        "nixpkgs": "nixpkgs"
      },
      "locked": {
        "lastModified": 1769299463,
        "narHash": "sha256-RxUJUDLWIvBJ6Dv6p//Ept7gUPb03ZURSWGirjlYwSQ=",
        "owner": "nix-community",
        "repo": "neovim-nightly-overlay",
        "rev": "041b08bc200ba1b08850943797a7e1a7f4ad142b",
        "type": "github"
      },
      "original": {
        "owner": "nix-community",
        "repo": "neovim-nightly-overlay",
        "type": "github"
      }
    },
    "neovim-src": {
      "flake": false,
      "locked": {
        "lastModified": 1769260606,
        "narHash": "sha256-hTJJSGgYrPkVnpJCLXeCIKia6PM9y7D9/KBNmNafwOA=",
        "owner": "neovim",
        "repo": "neovim",
        "rev": "57574db15460be27f056eb21a71b96312396a615",
        "type": "github"
      },
      "original": {
        "owner": "neovim",
        "repo": "neovim",
        "type": "github"
      }
    },
    "nixCats": {
      "locked": {
        "lastModified": 1769085828,
        "narHash": "sha256-TjhFIAtS628+/r3IuYWPcNa++mUMMDDG8PbSfFHXBiA=",
        "owner": "BirdeeHub",
        "repo": "nixCats-nvim",
        "rev": "43fbf4d12b0a613f1a792503da4bb2bf270173c7",
        "type": "github"
      },
      "original": {
        "owner": "BirdeeHub",
        "repo": "nixCats-nvim",
        "type": "github"
      }
    },
    "nixpkgs": {
      "locked": {
        "lastModified": 1769268028,
        "narHash": "sha256-mAdJpV0e5IGZjnE4f/8uf0E4hQR7ptRP00gnZKUOdMo=",
        "owner": "NixOS",
        "repo": "nixpkgs",
        "rev": "ab9fbbcf4858bd6d40ba2bbec37ceb4ab6e1f562",
        "type": "github"
      },
      "original": {
        "owner": "NixOS",
        "ref": "nixpkgs-unstable",
        "repo": "nixpkgs",
        "type": "github"
      }
    },
    "nixpkgs_2": {
      "locked": {
        "lastModified": 1769298235,
        "narHash": "sha256-6LYNeTHX7779CiR4oqhG4C6u2NIUeZUOfITHgywaRlQ=",
        "owner": "nixos",
        "repo": "nixpkgs",
        "rev": "26b0093bc977081dc7653175a3fadab11e07bed7",
        "type": "github"
      },
      "original": {
        "owner": "nixos",
        "ref": "nixpkgs-unstable",
        "repo": "nixpkgs",
        "type": "github"
      }
    },
    "root": {
      "inputs": {
        "neovim-nightly-overlay": "neovim-nightly-overlay",
        "nixCats": "nixCats",
        "nixpkgs": "nixpkgs_2"
      }
    }
  },
  "root": "root",
  "version": 7
}
