{
  "nodes": {
    "flake-parts": {
      "inputs": {
        "nixpkgs-lib": [
          "neovim-nightly-overlay",
          "nixpkgs"
        ]
      },
      "locked": {
        "lastModified": 1765835352,
        "narHash": "sha256-XswHlK/Qtjasvhd1nOa1e8MgZ8GS//jBoTqWtrS1Giw=",
        "owner": "hercules-ci",
        "repo": "flake-parts",
        "rev": "a34fae9c08a15ad73f295041fec82323541400a9",
        "type": "github"
      },
      "original": {
        "owner": "hercules-ci",
        "repo": "flake-parts",
        "type": "github"
      }
    },
    "neovim-nightly-overlay": {
      "inputs": {
        "flake-parts": "flake-parts",
        "neovim-src": "neovim-src",
        "nixpkgs": "nixpkgs"
      },
      "locked": {
        "lastModified": 1766534655,
        "narHash": "sha256-oeGUOXbSSV6Tu1c61/cgMLfSxOjbPnY5sguMKa/v3sM=",
        "owner": "nix-community",
        "repo": "neovim-nightly-overlay",
        "rev": "14a21b492d6acd79495b14c9d127a94b77c0b72c",
        "type": "github"
      },
      "original": {
        "owner": "nix-community",
        "repo": "neovim-nightly-overlay",
        "type": "github"
      }
    },
    "neovim-src": {
      "flake": false,
      "locked": {
        "lastModified": 1766504362,
        "narHash": "sha256-53oy2rM8yBqtTge6xvsndea106ja2F9+x6fW00LX2wE=",
        "owner": "neovim",
        "repo": "neovim",
        "rev": "1aa26f5d55550dd12c2cfd0f74618f0dcd6467ec",
        "type": "github"
      },
      "original": {
        "owner": "neovim",
        "repo": "neovim",
        "type": "github"
      }
    },
    "nixCats": {
      "locked": {
        "lastModified": 1765766809,
        "narHash": "sha256-3Xp41+Sb1zIzASa1Uu1k1RMUoJ9CGyYb0GtvvpRPBqg=",
        "owner": "BirdeeHub",
        "repo": "nixCats-nvim",
        "rev": "fe157e3ed69ed14b55ca81f597eac282caed58a2",
        "type": "github"
      },
      "original": {
        "owner": "BirdeeHub",
        "repo": "nixCats-nvim",
        "type": "github"
      }
    },
    "nixpkgs": {
      "locked": {
        "lastModified": 1766471942,
        "narHash": "sha256-Wv+xrUNXgtxAXAMZE3EDzzeRgN1MEw+PnKr8zDozeLU=",
        "owner": "NixOS",
        "repo": "nixpkgs",
        "rev": "cfc52a405c6e85462364651a8f11e28ae8065c91",
        "type": "github"
      },
      "original": {
        "owner": "NixOS",
        "ref": "nixpkgs-unstable",
        "repo": "nixpkgs",
        "type": "github"
      }
    },
    "nixpkgs_2": {
      "locked": {
        "lastModified": 1766471942,
        "narHash": "sha256-Wv+xrUNXgtxAXAMZE3EDzzeRgN1MEw+PnKr8zDozeLU=",
        "owner": "nixos",
        "repo": "nixpkgs",
        "rev": "cfc52a405c6e85462364651a8f11e28ae8065c91",
        "type": "github"
      },
      "original": {
        "owner": "nixos",
        "ref": "nixpkgs-unstable",
        "repo": "nixpkgs",
        "type": "github"
      }
    },
    "root": {
      "inputs": {
        "neovim-nightly-overlay": "neovim-nightly-overlay",
        "nixCats": "nixCats",
        "nixpkgs": "nixpkgs_2"
      }
    }
  },
  "root": "root",
  "version": 7
}
